
Microsoft Visual Studio Solution File, Format Version 12.00
# Visual Studio 15
VisualStudioVersion = 15.0.28307.1145
MinimumVisualStudioVersion = 10.0.40219.1
Project("{FAE04EC0-301F-11D3-BF4B-00C04F79EFBC}") = "restApiTemplate", "restApiTemplate\restApiTemplate.csproj", "{DE8D37DC-2B5A-4E1E-B281-BC6147ADC710}"
EndProject
Project("{FAE04EC0-301F-11D3-BF4B-00C04F79EFBC}") = "restApiTemplateTests", "restApiTemplateTests\restApiTemplateTests.csproj", "{29CE7B8E-9356-4368-A571-6F14A31C0F3E}"
EndProject
Project("{FAE04EC0-301F-11D3-BF4B-00C04F79EFBC}") = "restApiTemplateSqliteDB", "restApiTemplateSqliteDB\restApiTemplateSqliteDB.csproj", "{E6964C09-1D08-40A9-96D2-64940E35C407}"
EndProject
Project("{FAE04EC0-301F-11D3-BF4B-00C04F79EFBC}") = "restApiTemplateSqliteMemoryDB", "restApiTemplateSqliteMemoryDB\restApiTemplateSqliteMemoryDB.csproj", "{7F7EB891-4D01-4357-882F-84A34EF85F7F}"
EndProject
Project("{FAE04EC0-301F-11D3-BF4B-00C04F79EFBC}") = "restApiTemplateDBEntities", "restApiTemplateDBEntities\restApiTemplateDBEntities.csproj", "{D5ABDE33-8504-46B9-A2B0-A2185267C431}"
EndProject
Project("{FAE04EC0-301F-11D3-BF4B-00C04F79EFBC}") = "restApiTemplateUOW", "restApiTemplateUOW\restApiTemplateUOW.csproj", "{304194EF-D816-473A-9B8E-66DC2A52E9B5}"
EndProject
Global
	GlobalSection(SolutionConfigurationPlatforms) = preSolution
		Debug|Any CPU = Debug|Any CPU
		Release|Any CPU = Release|Any CPU
	EndGlobalSection
	GlobalSection(ProjectConfigurationPlatforms) = postSolution
		{DE8D37DC-2B5A-4E1E-B281-BC6147ADC710}.Debug|Any CPU.ActiveCfg = Debug|Any CPU
		{DE8D37DC-2B5A-4E1E-B281-BC6147ADC710}.Debug|Any CPU.Build.0 = Debug|Any CPU
		{DE8D37DC-2B5A-4E1E-B281-BC6147ADC710}.Release|Any CPU.ActiveCfg = Release|Any CPU
		{DE8D37DC-2B5A-4E1E-B281-BC6147ADC710}.Release|Any CPU.Build.0 = Release|Any CPU
		{29CE7B8E-9356-4368-A571-6F14A31C0F3E}.Debug|Any CPU.ActiveCfg = Debug|Any CPU
		{29CE7B8E-9356-4368-A571-6F14A31C0F3E}.Debug|Any CPU.Build.0 = Debug|Any CPU
		{29CE7B8E-9356-4368-A571-6F14A31C0F3E}.Release|Any CPU.ActiveCfg = Release|Any CPU
		{29CE7B8E-9356-4368-A571-6F14A31C0F3E}.Release|Any CPU.Build.0 = Release|Any CPU
		{E6964C09-1D08-40A9-96D2-64940E35C407}.Debug|Any CPU.ActiveCfg = Debug|Any CPU
		{E6964C09-1D08-40A9-96D2-64940E35C407}.Debug|Any CPU.Build.0 = Debug|Any CPU
		{E6964C09-1D08-40A9-96D2-64940E35C407}.Release|Any CPU.ActiveCfg = Release|Any CPU
		{E6964C09-1D08-40A9-96D2-64940E35C407}.Release|Any CPU.Build.0 = Release|Any CPU
		{7F7EB891-4D01-4357-882F-84A34EF85F7F}.Debug|Any CPU.ActiveCfg = Debug|Any CPU
		{7F7EB891-4D01-4357-882F-84A34EF85F7F}.Debug|Any CPU.Build.0 = Debug|Any CPU
		{7F7EB891-4D01-4357-882F-84A34EF85F7F}.Release|Any CPU.ActiveCfg = Release|Any CPU
		{7F7EB891-4D01-4357-882F-84A34EF85F7F}.Release|Any CPU.Build.0 = Release|Any CPU
		{D5ABDE33-8504-46B9-A2B0-A2185267C431}.Debug|Any CPU.ActiveCfg = Debug|Any CPU
		{D5ABDE33-8504-46B9-A2B0-A2185267C431}.Debug|Any CPU.Build.0 = Debug|Any CPU
		{D5ABDE33-8504-46B9-A2B0-A2185267C431}.Release|Any CPU.ActiveCfg = Release|Any CPU
		{D5ABDE33-8504-46B9-A2B0-A2185267C431}.Release|Any CPU.Build.0 = Release|Any CPU
		{304194EF-D816-473A-9B8E-66DC2A52E9B5}.Debug|Any CPU.ActiveCfg = Debug|Any CPU
		{304194EF-D816-473A-9B8E-66DC2A52E9B5}.Debug|Any CPU.Build.0 = Debug|Any CPU
		{304194EF-D816-473A-9B8E-66DC2A52E9B5}.Release|Any CPU.ActiveCfg = Release|Any CPU
		{304194EF-D816-473A-9B8E-66DC2A52E9B5}.Release|Any CPU.Build.0 = Release|Any CPU
	EndGlobalSection
	GlobalSection(SolutionProperties) = preSolution
		HideSolutionNode = FALSE
	EndGlobalSection
	GlobalSection(ExtensibilityGlobals) = postSolution
		SolutionGuid = {3D4485EE-608E-46E8-9AF9-4A76BEF267FE}
	EndGlobalSection
EndGlobal
